
Microsoft Visual Studio Solution File, Format Version 12.00
# Visual Studio Version 17
VisualStudioVersion = 17.5.002.0
MinimumVisualStudioVersion = 10.0.40219.1
Project("{9A19103F-16F7-4668-BE54-9A1E7A4F7556}") = "products_ms", "products_ms.csproj", "{C526D635-6E3C-439C-B333-C059A7A8C8AA}"
EndProject
Global
	GlobalSection(SolutionConfigurationPlatforms) = preSolution
		Debug|Any CPU = Debug|Any CPU
		Release|Any CPU = Release|Any CPU
	EndGlobalSection
	GlobalSection(ProjectConfigurationPlatforms) = postSolution
		{C526D635-6E3C-439C-B333-C059A7A8C8AA}.Debug|Any CPU.ActiveCfg = Debug|Any CPU
		{C526D635-6E3C-439C-B333-C059A7A8C8AA}.Debug|Any CPU.Build.0 = Debug|Any CPU
		{C526D635-6E3C-439C-B333-C059A7A8C8AA}.Release|Any CPU.ActiveCfg = Release|Any CPU
		{C526D635-6E3C-439C-B333-C059A7A8C8AA}.Release|Any CPU.Build.0 = Release|Any CPU
	EndGlobalSection
	GlobalSection(SolutionProperties) = preSolution
		HideSolutionNode = FALSE
	EndGlobalSection
	GlobalSection(ExtensibilityGlobals) = postSolution
		SolutionGuid = {A4081E59-BBD2-4BA6-8465-B1E32191923B}
	EndGlobalSection
EndGlobal
